
Microsoft Visual Studio Solution File, Format Version 12.00
# Visual Studio Version 16
VisualStudioVersion = 25.0.1700.0
MinimumVisualStudioVersion = 10.0.40219.1
Project("{FAE04EC0-301F-11D3-BF4B-00C04F79EFBC}") = "ConvertToRoman", "ConvertToRoman\ConvertToRoman.csproj", "{BE0F65A3-3F32-43AF-A5D4-039D90EA1CD3}"
EndProject
Global
	GlobalSection(SolutionConfigurationPlatforms) = preSolution
		Debug|Any CPU = Debug|Any CPU
		Release|Any CPU = Release|Any CPU
	EndGlobalSection
	GlobalSection(ProjectConfigurationPlatforms) = postSolution
		{BE0F65A3-3F32-43AF-A5D4-039D90EA1CD3}.Debug|Any CPU.ActiveCfg = Debug|Any CPU
		{BE0F65A3-3F32-43AF-A5D4-039D90EA1CD3}.Debug|Any CPU.Build.0 = Debug|Any CPU
		{BE0F65A3-3F32-43AF-A5D4-039D90EA1CD3}.Release|Any CPU.ActiveCfg = Release|Any CPU
		{BE0F65A3-3F32-43AF-A5D4-039D90EA1CD3}.Release|Any CPU.Build.0 = Release|Any CPU
	EndGlobalSection
	GlobalSection(SolutionProperties) = preSolution
		HideSolutionNode = FALSE
	EndGlobalSection
	GlobalSection(ExtensibilityGlobals) = postSolution
		SolutionGuid = {87948152-A859-482D-B05E-8FB3D6EFD2AC}
	EndGlobalSection
EndGlobal
